github.com/kopytkg/golog v0.2.0 h1:Lssq2PJdH1zjketvod1J5Jizm7p62huyWR0zsVyeSIo=
github.com/kopytkg/golog v0.2.0/go.mod h1:C3p8HkX/X8QxKwRux7em5kMfLTVk5GR9FJORfpF+I/0=
golang.org/x/sys v0.38.0 h1:3yZWxaJjBmCWXqhN1qh02AkOnCQ1poK6oF+a7xWL6Gc=
golang.org/x/sys v0.38.0/go.mod h1:OgkHotnGiDImocRcuBABYBEXf8A9a87e/uXjp9XT3ks=
golang.org/x/term v0.37.0 h1:8EGAD0qCmHYZg6J17DvsMy9/wJ7/D/4pV/wfnld5lTU=
golang.org/x/term v0.37.0/go.mod h1:5pB4lxRNYYVZuTLmy8oR2BH8dflOR+IbTYFD8fi3254=
