github.com/kopytkg/golog v0.2.0 h1:Lssq2PJdH1zjketvod1J5Jizm7p62huyWR0zsVyeSIo=
github.com/kopytkg/golog v0.2.0/go.mod h1:C3p8HkX/X8QxKwRux7em5kMfLTVk5GR9FJORfpF+I/0=
golang.org/x/sys v0.30.0 h1:QjkSwP/36a20jFYWkSue1YwXzLmsV5Gfq7Eiy72C1uc=
golang.org/x/sys v0.30.0/go.mod h1:/VUhepiaJMQUp4+oa/7Zr1D23ma6VTLIYjOOTFZPUcA=
golang.org/x/term v0.29.0 h1:L6pJp37ocefwRRtYPKSWOWzOtWSxVajvz2ldH/xi3iU=
golang.org/x/term v0.29.0/go.mod h1:6bl4lRlvVuDgSf3179VpIxBF0o10JUpXWOnI7nErv7s=
